
Microsoft Visual Studio Solution File, Format Version 12.00
# Visual Studio Version 16
VisualStudioVersion = 16.0.32106.194
MinimumVisualStudioVersion = 10.0.40219.1
Project("{FAE04EC0-301F-11D3-BF4B-00C04F79EFBC}") = "Lab1_exercise2", "Lab1_exercise2\Lab1_exercise2.csproj", "{2DD12EFF-1FA2-4BFB-B6CF-59235FD22D2B}"
EndProject
Global
	GlobalSection(SolutionConfigurationPlatforms) = preSolution
		Debug|Any CPU = Debug|Any CPU
		Release|Any CPU = Release|Any CPU
	EndGlobalSection
	GlobalSection(ProjectConfigurationPlatforms) = postSolution
		{2DD12EFF-1FA2-4BFB-B6CF-59235FD22D2B}.Debug|Any CPU.ActiveCfg = Debug|Any CPU
		{2DD12EFF-1FA2-4BFB-B6CF-59235FD22D2B}.Debug|Any CPU.Build.0 = Debug|Any CPU
		{2DD12EFF-1FA2-4BFB-B6CF-59235FD22D2B}.Release|Any CPU.ActiveCfg = Release|Any CPU
		{2DD12EFF-1FA2-4BFB-B6CF-59235FD22D2B}.Release|Any CPU.Build.0 = Release|Any CPU
	EndGlobalSection
	GlobalSection(SolutionProperties) = preSolution
		HideSolutionNode = FALSE
	EndGlobalSection
	GlobalSection(ExtensibilityGlobals) = postSolution
		SolutionGuid = {29675D18-0A7A-4A9D-A400-D549DE398432}
	EndGlobalSection
EndGlobal
